
Microsoft Visual Studio Solution File, Format Version 12.00
# Visual Studio Version 17
VisualStudioVersion = 17.3.32819.101
MinimumVisualStudioVersion = 10.0.40219.1
Project("{9A19103F-16F7-4668-BE54-9A1E7A4F7556}") = "Truesec.Decryptors", "Truesec.Decryptors.csproj", "{8C77BA0A-1560-4CC5-BF58-B35FAC3423D5}"
EndProject
Project("{9A19103F-16F7-4668-BE54-9A1E7A4F7556}") = "Library", "..\Library\Library.csproj", "{FA7A6536-C663-4925-8BEA-F5FA5D2504F5}"
EndProject
Project("{9A19103F-16F7-4668-BE54-9A1E7A4F7556}") = "Tests", "..\Tests\Tests.csproj", "{18F2CE54-FB52-4B05-8CA9-0BC076F3E113}"
EndProject
Global
	GlobalSection(SolutionConfigurationPlatforms) = preSolution
		Debug|Any CPU = Debug|Any CPU
		Release|Any CPU = Release|Any CPU
	EndGlobalSection
	GlobalSection(ProjectConfigurationPlatforms) = postSolution
		{8C77BA0A-1560-4CC5-BF58-B35FAC3423D5}.Debug|Any CPU.ActiveCfg = Debug|Any CPU
		{8C77BA0A-1560-4CC5-BF58-B35FAC3423D5}.Debug|Any CPU.Build.0 = Debug|Any CPU
		{8C77BA0A-1560-4CC5-BF58-B35FAC3423D5}.Release|Any CPU.ActiveCfg = Release|Any CPU
		{8C77BA0A-1560-4CC5-BF58-B35FAC3423D5}.Release|Any CPU.Build.0 = Release|Any CPU
		{FA7A6536-C663-4925-8BEA-F5FA5D2504F5}.Debug|Any CPU.ActiveCfg = Debug|Any CPU
		{FA7A6536-C663-4925-8BEA-F5FA5D2504F5}.Debug|Any CPU.Build.0 = Debug|Any CPU
		{FA7A6536-C663-4925-8BEA-F5FA5D2504F5}.Release|Any CPU.ActiveCfg = Release|Any CPU
		{FA7A6536-C663-4925-8BEA-F5FA5D2504F5}.Release|Any CPU.Build.0 = Release|Any CPU
		{18F2CE54-FB52-4B05-8CA9-0BC076F3E113}.Debug|Any CPU.ActiveCfg = Debug|Any CPU
		{18F2CE54-FB52-4B05-8CA9-0BC076F3E113}.Debug|Any CPU.Build.0 = Debug|Any CPU
		{18F2CE54-FB52-4B05-8CA9-0BC076F3E113}.Release|Any CPU.ActiveCfg = Release|Any CPU
		{18F2CE54-FB52-4B05-8CA9-0BC076F3E113}.Release|Any CPU.Build.0 = Release|Any CPU
	EndGlobalSection
	GlobalSection(SolutionProperties) = preSolution
		HideSolutionNode = FALSE
	EndGlobalSection
	GlobalSection(ExtensibilityGlobals) = postSolution
		SolutionGuid = {6D1634F1-478F-4ED8-8F3C-1B34B9EC300B}
	EndGlobalSection
EndGlobal
